
Microsoft Visual Studio Solution File, Format Version 12.00
# Visual Studio Version 17
VisualStudioVersion = 17.4.33122.133
MinimumVisualStudioVersion = 10.0.40219.1
Project("{FAE04EC0-301F-11D3-BF4B-00C04F79EFBC}") = "CapaConexion", "CapaConexion\CapaConexion.csproj", "{CB390869-83E8-4E60-8E5B-C8BF0DDE1529}"
EndProject
Project("{FAE04EC0-301F-11D3-BF4B-00C04F79EFBC}") = "CapaLogica", "CapaLogica\CapaLogica.csproj", "{1317DB31-F108-4258-BECC-279FAE21FAD7}"
	ProjectSection(ProjectDependencies) = postProject
		{CB390869-83E8-4E60-8E5B-C8BF0DDE1529} = {CB390869-83E8-4E60-8E5B-C8BF0DDE1529}
	EndProjectSection
EndProject
Project("{FAE04EC0-301F-11D3-BF4B-00C04F79EFBC}") = "CapaIntegracion", "CapaIntegracion\CapaIntegracion.csproj", "{43D8EDC0-3EA0-431F-8659-C5D2D7456D19}"
	ProjectSection(ProjectDependencies) = postProject
		{1317DB31-F108-4258-BECC-279FAE21FAD7} = {1317DB31-F108-4258-BECC-279FAE21FAD7}
	EndProjectSection
EndProject
Project("{FAE04EC0-301F-11D3-BF4B-00C04F79EFBC}") = "CapaPresentacion", "CapaPresentacion\CapaPresentacion.csproj", "{82C6675D-1EA6-4F8C-9931-B0DD7069A52A}"
	ProjectSection(ProjectDependencies) = postProject
		{43D8EDC0-3EA0-431F-8659-C5D2D7456D19} = {43D8EDC0-3EA0-431F-8659-C5D2D7456D19}
	EndProjectSection
EndProject
Project("{54435603-DBB4-11D2-8724-00A0C9A8B90C}") = "CMJ-System", "CMJ-System\CMJ-System.vdproj", "{EE54CA62-54CB-4E26-B48A-C1AE05D55D6B}"
EndProject
Global
	GlobalSection(SolutionConfigurationPlatforms) = preSolution
		Debug|Any CPU = Debug|Any CPU
		Release|Any CPU = Release|Any CPU
	EndGlobalSection
	GlobalSection(ProjectConfigurationPlatforms) = postSolution
		{CB390869-83E8-4E60-8E5B-C8BF0DDE1529}.Debug|Any CPU.ActiveCfg = Debug|Any CPU
		{CB390869-83E8-4E60-8E5B-C8BF0DDE1529}.Debug|Any CPU.Build.0 = Debug|Any CPU
		{CB390869-83E8-4E60-8E5B-C8BF0DDE1529}.Release|Any CPU.ActiveCfg = Release|Any CPU
		{CB390869-83E8-4E60-8E5B-C8BF0DDE1529}.Release|Any CPU.Build.0 = Release|Any CPU
		{1317DB31-F108-4258-BECC-279FAE21FAD7}.Debug|Any CPU.ActiveCfg = Debug|Any CPU
		{1317DB31-F108-4258-BECC-279FAE21FAD7}.Debug|Any CPU.Build.0 = Debug|Any CPU
		{1317DB31-F108-4258-BECC-279FAE21FAD7}.Release|Any CPU.ActiveCfg = Release|Any CPU
		{1317DB31-F108-4258-BECC-279FAE21FAD7}.Release|Any CPU.Build.0 = Release|Any CPU
		{43D8EDC0-3EA0-431F-8659-C5D2D7456D19}.Debug|Any CPU.ActiveCfg = Debug|Any CPU
		{43D8EDC0-3EA0-431F-8659-C5D2D7456D19}.Debug|Any CPU.Build.0 = Debug|Any CPU
		{43D8EDC0-3EA0-431F-8659-C5D2D7456D19}.Release|Any CPU.ActiveCfg = Release|Any CPU
		{43D8EDC0-3EA0-431F-8659-C5D2D7456D19}.Release|Any CPU.Build.0 = Release|Any CPU
		{82C6675D-1EA6-4F8C-9931-B0DD7069A52A}.Debug|Any CPU.ActiveCfg = Release|Any CPU
		{82C6675D-1EA6-4F8C-9931-B0DD7069A52A}.Debug|Any CPU.Build.0 = Release|Any CPU
		{82C6675D-1EA6-4F8C-9931-B0DD7069A52A}.Release|Any CPU.ActiveCfg = Release|Any CPU
		{82C6675D-1EA6-4F8C-9931-B0DD7069A52A}.Release|Any CPU.Build.0 = Release|Any CPU
		{EE54CA62-54CB-4E26-B48A-C1AE05D55D6B}.Debug|Any CPU.ActiveCfg = Debug
		{EE54CA62-54CB-4E26-B48A-C1AE05D55D6B}.Release|Any CPU.ActiveCfg = Release
	EndGlobalSection
	GlobalSection(SolutionProperties) = preSolution
		HideSolutionNode = FALSE
	EndGlobalSection
	GlobalSection(ExtensibilityGlobals) = postSolution
		SolutionGuid = {37E53FC0-D669-42FC-9122-23E5BCB298AF}
	EndGlobalSection
EndGlobal
